// !$*UTF8*$!
{
	archiveVersion = 1;
	classes = {
	};
	objectVersion = 55;
	objects = {

/* Begin PBXBuildFile section */
		FF2F2C0F28FFDCA100DB2003 /* PersistenceController.swift in Sources */ = {isa = PBXBuildFile; fileRef = FF2F2C0E28FFDCA100DB2003 /* PersistenceController.swift */; };
		FF3361E328D9948200428D2B /* AboutView.swift in Sources */ = {isa = PBXBuildFile; fileRef = FF3361E228D9948200428D2B /* AboutView.swift */; };
		FF5FBA3528F6643B003AF15B /* Constants.swift in Sources */ = {isa = PBXBuildFile; fileRef = FF5FBA3428F6643B003AF15B /* Constants.swift */; };
		FF5FBA3728F666A7003AF15B /* API.swift in Sources */ = {isa = PBXBuildFile; fileRef = FF5FBA3628F666A7003AF15B /* API.swift */; };
		FF5FBA3928F66FD8003AF15B /* AddLocation.swift in Sources */ = {isa = PBXBuildFile; fileRef = FF5FBA3828F66FD8003AF15B /* AddLocation.swift */; };
		FF5FBA3B28F671F4003AF15B /* Settings.swift in Sources */ = {isa = PBXBuildFile; fileRef = FF5FBA3A28F671F4003AF15B /* Settings.swift */; };
		FF5FBA3F28F67237003AF15B /* WeatherPanel.swift in Sources */ = {isa = PBXBuildFile; fileRef = FF5FBA3E28F67237003AF15B /* WeatherPanel.swift */; };
		FF739FAC28ED248E001C4775 /* BackView.swift in Sources */ = {isa = PBXBuildFile; fileRef = FF739FAB28ED248E001C4775 /* BackView.swift */; };
		FF77E36928ACD1D000EF306C /* ForecastingWeatherApp.swift in Sources */ = {isa = PBXBuildFile; fileRef = FF77E36828ACD1D000EF306C /* ForecastingWeatherApp.swift */; };
		FF77E36B28ACD1D000EF306C /* ContentView.swift in Sources */ = {isa = PBXBuildFile; fileRef = FF77E36A28ACD1D000EF306C /* ContentView.swift */; };
		FF77E36D28ACD1D200EF306C /* Assets.xcassets in Resources */ = {isa = PBXBuildFile; fileRef = FF77E36C28ACD1D200EF306C /* Assets.xcassets */; };
		FF77E37028ACD1D200EF306C /* Preview Assets.xcassets in Resources */ = {isa = PBXBuildFile; fileRef = FF77E36F28ACD1D200EF306C /* Preview Assets.xcassets */; };
		FF77E37A28ACD39A00EF306C /* CurrentWeatherView.swift in Sources */ = {isa = PBXBuildFile; fileRef = FF77E37928ACD39A00EF306C /* CurrentWeatherView.swift */; };
		FF77E37E28ACD50500EF306C /* WeatherViewModel.swift in Sources */ = {isa = PBXBuildFile; fileRef = FF77E37D28ACD50500EF306C /* WeatherViewModel.swift */; };
		FF77E38028ACD57400EF306C /* Weather.swift in Sources */ = {isa = PBXBuildFile; fileRef = FF77E37F28ACD57400EF306C /* Weather.swift */; };
		FF77E38228ACDE7F00EF306C /* LaunchScreenSplashView.swift in Sources */ = {isa = PBXBuildFile; fileRef = FF77E38128ACDE7F00EF306C /* LaunchScreenSplashView.swift */; };
		FF8389C928FE9E7700C322D5 /* WeatherData.xcdatamodeld in Sources */ = {isa = PBXBuildFile; fileRef = FF8389C728FE9E7700C322D5 /* WeatherData.xcdatamodeld */; };
		FF970C6228AF110D0041A7B6 /* LocationList.swift in Sources */ = {isa = PBXBuildFile; fileRef = FF970C6128AF110C0041A7B6 /* LocationList.swift */; };
		FF970C6428AF222B0041A7B6 /* CurrentLocationView.swift in Sources */ = {isa = PBXBuildFile; fileRef = FF970C6328AF222B0041A7B6 /* CurrentLocationView.swift */; };
		FF970C6628AF23240041A7B6 /* TopNavigationBar.swift in Sources */ = {isa = PBXBuildFile; fileRef = FF970C6528AF23240041A7B6 /* TopNavigationBar.swift */; };
		FF970C7028AF49C60041A7B6 /* AddLocationView.swift in Sources */ = {isa = PBXBuildFile; fileRef = FF970C6F28AF49C60041A7B6 /* AddLocationView.swift */; };
		FF970C7228AF4C800041A7B6 /* CurrentWeather.swift in Sources */ = {isa = PBXBuildFile; fileRef = FF970C7128AF4C800041A7B6 /* CurrentWeather.swift */; };
		FF970C7928AF5C810041A7B6 /* Store.swift in Sources */ = {isa = PBXBuildFile; fileRef = FF970C7828AF5C810041A7B6 /* Store.swift */; };
		FF970C7B28AF5D840041A7B6 /* WeatherDays.swift in Sources */ = {isa = PBXBuildFile; fileRef = FF970C7A28AF5D840041A7B6 /* WeatherDays.swift */; };
		FF970C7D28AF625E0041A7B6 /* URLImage.swift in Sources */ = {isa = PBXBuildFile; fileRef = FF970C7C28AF625E0041A7B6 /* URLImage.swift */; };
		FF970C8028AF63350041A7B6 /* ImageLoader.swift in Sources */ = {isa = PBXBuildFile; fileRef = FF970C7F28AF63350041A7B6 /* ImageLoader.swift */; };
		FF970C8228AF645E0041A7B6 /* DateExtension.swift in Sources */ = {isa = PBXBuildFile; fileRef = FF970C8128AF645E0041A7B6 /* DateExtension.swift */; };
		FFB6053328CF099F00941F41 /* SettingsView.swift in Sources */ = {isa = PBXBuildFile; fileRef = FFB6053228CF099F00941F41 /* SettingsView.swift */; };
		FFB6053628CF11F700941F41 /* UserDefaults.swift in Sources */ = {isa = PBXBuildFile; fileRef = FFB6053528CF11F700941F41 /* UserDefaults.swift */; };
		FFD0855728D06B0500903685 /* NavigationView.swift in Sources */ = {isa = PBXBuildFile; fileRef = FFD0855628D06B0500903685 /* NavigationView.swift */; };
		FFEFB9F728DD5780000295CB /* TitleModifier.swift in Sources */ = {isa = PBXBuildFile; fileRef = FFEFB9F628DD5780000295CB /* TitleModifier.swift */; };
/* End PBXBuildFile section */

/* Begin PBXFileReference section */
		FF2F2C0E28FFDCA100DB2003 /* PersistenceController.swift */ = {isa = PBXFileReference; lastKnownFileType = sourcecode.swift; path = PersistenceController.swift; sourceTree = "<group>"; };
		FF3361E228D9948200428D2B /* AboutView.swift */ = {isa = PBXFileReference; lastKnownFileType = sourcecode.swift; path = AboutView.swift; sourceTree = "<group>"; };
		FF5FBA3428F6643B003AF15B /* Constants.swift */ = {isa = PBXFileReference; lastKnownFileType = sourcecode.swift; path = Constants.swift; sourceTree = "<group>"; };
		FF5FBA3628F666A7003AF15B /* API.swift */ = {isa = PBXFileReference; lastKnownFileType = sourcecode.swift; path = API.swift; sourceTree = "<group>"; };
		FF5FBA3828F66FD8003AF15B /* AddLocation.swift */ = {isa = PBXFileReference; lastKnownFileType = sourcecode.swift; path = AddLocation.swift; sourceTree = "<group>"; };
		FF5FBA3A28F671F4003AF15B /* Settings.swift */ = {isa = PBXFileReference; lastKnownFileType = sourcecode.swift; path = Settings.swift; sourceTree = "<group>"; };
		FF5FBA3E28F67237003AF15B /* WeatherPanel.swift */ = {isa = PBXFileReference; lastKnownFileType = sourcecode.swift; path = WeatherPanel.swift; sourceTree = "<group>"; };
		FF739FAB28ED248E001C4775 /* BackView.swift */ = {isa = PBXFileReference; lastKnownFileType = sourcecode.swift; path = BackView.swift; sourceTree = "<group>"; };
		FF77E36528ACD1D000EF306C /* ForecastingWeather.app */ = {isa = PBXFileReference; explicitFileType = wrapper.application; includeInIndex = 0; path = ForecastingWeather.app; sourceTree = BUILT_PRODUCTS_DIR; };
		FF77E36828ACD1D000EF306C /* ForecastingWeatherApp.swift */ = {isa = PBXFileReference; lastKnownFileType = sourcecode.swift; path = ForecastingWeatherApp.swift; sourceTree = "<group>"; };
		FF77E36A28ACD1D000EF306C /* ContentView.swift */ = {isa = PBXFileReference; lastKnownFileType = sourcecode.swift; path = ContentView.swift; sourceTree = "<group>"; };
		FF77E36C28ACD1D200EF306C /* Assets.xcassets */ = {isa = PBXFileReference; lastKnownFileType = folder.assetcatalog; path = Assets.xcassets; sourceTree = "<group>"; };
		FF77E36F28ACD1D200EF306C /* Preview Assets.xcassets */ = {isa = PBXFileReference; lastKnownFileType = folder.assetcatalog; path = "Preview Assets.xcassets"; sourceTree = "<group>"; };
		FF77E37928ACD39A00EF306C /* CurrentWeatherView.swift */ = {isa = PBXFileReference; lastKnownFileType = sourcecode.swift; path = CurrentWeatherView.swift; sourceTree = "<group>"; };
		FF77E37D28ACD50500EF306C /* WeatherViewModel.swift */ = {isa = PBXFileReference; lastKnownFileType = sourcecode.swift; path = WeatherViewModel.swift; sourceTree = "<group>"; };
		FF77E37F28ACD57400EF306C /* Weather.swift */ = {isa = PBXFileReference; lastKnownFileType = sourcecode.swift; path = Weather.swift; sourceTree = "<group>"; };
		FF77E38128ACDE7F00EF306C /* LaunchScreenSplashView.swift */ = {isa = PBXFileReference; lastKnownFileType = sourcecode.swift; path = LaunchScreenSplashView.swift; sourceTree = "<group>"; };
		FF8389C828FE9E7700C322D5 /* WeatherData.xcdatamodel */ = {isa = PBXFileReference; lastKnownFileType = wrapper.xcdatamodel; path = WeatherData.xcdatamodel; sourceTree = "<group>"; };
		FF970C6128AF110C0041A7B6 /* LocationList.swift */ = {isa = PBXFileReference; lastKnownFileType = sourcecode.swift; path = LocationList.swift; sourceTree = "<group>"; };
		FF970C6328AF222B0041A7B6 /* CurrentLocationView.swift */ = {isa = PBXFileReference; lastKnownFileType = sourcecode.swift; path = CurrentLocationView.swift; sourceTree = "<group>"; };
		FF970C6528AF23240041A7B6 /* TopNavigationBar.swift */ = {isa = PBXFileReference; lastKnownFileType = sourcecode.swift; path = TopNavigationBar.swift; sourceTree = "<group>"; };
		FF970C6F28AF49C60041A7B6 /* AddLocationView.swift */ = {isa = PBXFileReference; lastKnownFileType = sourcecode.swift; path = AddLocationView.swift; sourceTree = "<group>"; };
		FF970C7128AF4C800041A7B6 /* CurrentWeather.swift */ = {isa = PBXFileReference; lastKnownFileType = sourcecode.swift; path = CurrentWeather.swift; sourceTree = "<group>"; };
		FF970C7828AF5C810041A7B6 /* Store.swift */ = {isa = PBXFileReference; lastKnownFileType = sourcecode.swift; path = Store.swift; sourceTree = "<group>"; };
		FF970C7A28AF5D840041A7B6 /* WeatherDays.swift */ = {isa = PBXFileReference; lastKnownFileType = sourcecode.swift; path = WeatherDays.swift; sourceTree = "<group>"; };
		FF970C7C28AF625E0041A7B6 /* URLImage.swift */ = {isa = PBXFileReference; lastKnownFileType = sourcecode.swift; path = URLImage.swift; sourceTree = "<group>"; };
		FF970C7F28AF63350041A7B6 /* ImageLoader.swift */ = {isa = PBXFileReference; lastKnownFileType = sourcecode.swift; path = ImageLoader.swift; sourceTree = "<group>"; };
		FF970C8128AF645E0041A7B6 /* DateExtension.swift */ = {isa = PBXFileReference; lastKnownFileType = sourcecode.swift; path = DateExtension.swift; sourceTree = "<group>"; };
		FFB6053228CF099F00941F41 /* SettingsView.swift */ = {isa = PBXFileReference; lastKnownFileType = sourcecode.swift; path = SettingsView.swift; sourceTree = "<group>"; };
		FFB6053528CF11F700941F41 /* UserDefaults.swift */ = {isa = PBXFileReference; lastKnownFileType = sourcecode.swift; path = UserDefaults.swift; sourceTree = "<group>"; };
		FFD0855628D06B0500903685 /* NavigationView.swift */ = {isa = PBXFileReference; lastKnownFileType = sourcecode.swift; path = NavigationView.swift; sourceTree = "<group>"; };
		FFEFB9F628DD5780000295CB /* TitleModifier.swift */ = {isa = PBXFileReference; lastKnownFileType = sourcecode.swift; path = TitleModifier.swift; sourceTree = "<group>"; };
/* End PBXFileReference section */

/* Begin PBXFrameworksBuildPhase section */
		FF77E36228ACD1D000EF306C /* Frameworks */ = {
			isa = PBXFrameworksBuildPhase;
			buildActionMask = 2147483647;
			files = (
			);
			runOnlyForDeploymentPostprocessing = 0;
		};
/* End PBXFrameworksBuildPhase section */

/* Begin PBXGroup section */
		FF5FBA3228F662D0003AF15B /* Subviews */ = {
			isa = PBXGroup;
			children = (
				FF970C6128AF110C0041A7B6 /* LocationList.swift */,
				FF970C6328AF222B0041A7B6 /* CurrentLocationView.swift */,
				FF970C6528AF23240041A7B6 /* TopNavigationBar.swift */,
				FF970C7128AF4C800041A7B6 /* CurrentWeather.swift */,
				FF970C7A28AF5D840041A7B6 /* WeatherDays.swift */,
				FFB6053228CF099F00941F41 /* SettingsView.swift */,
				FF3361E228D9948200428D2B /* AboutView.swift */,
				FF739FAB28ED248E001C4775 /* BackView.swift */,
				FF5FBA3E28F67237003AF15B /* WeatherPanel.swift */,
			);
			path = Subviews;
			sourceTree = "<group>";
		};
		FF5FBA3328F6641A003AF15B /* Constants */ = {
			isa = PBXGroup;
			children = (
				FF5FBA3428F6643B003AF15B /* Constants.swift */,
			);
			path = Constants;
			sourceTree = "<group>";
		};
		FF5FBA4028F67EDB003AF15B /* JSON Animation */ = {
			isa = PBXGroup;
			children = (
			);
			path = "JSON Animation";
			sourceTree = "<group>";
		};
		FF77E35C28ACD1D000EF306C = {
			isa = PBXGroup;
			children = (
				FF77E36728ACD1D000EF306C /* ForecastingWeather */,
				FF77E36628ACD1D000EF306C /* Products */,
			);
			sourceTree = "<group>";
		};
		FF77E36628ACD1D000EF306C /* Products */ = {
			isa = PBXGroup;
			children = (
				FF77E36528ACD1D000EF306C /* ForecastingWeather.app */,
			);
			name = Products;
			sourceTree = "<group>";
		};
		FF77E36728ACD1D000EF306C /* ForecastingWeather */ = {
			isa = PBXGroup;
			children = (
				FF77E36828ACD1D000EF306C /* ForecastingWeatherApp.swift */,
				FF5FBA4028F67EDB003AF15B /* JSON Animation */,
				FF77E37628ACD33E00EF306C /* Views */,
				FF77E37828ACD35500EF306C /* Model */,
				FF77E37728ACD34500EF306C /* Network */,
				FF970C7728AF5C340041A7B6 /* Store */,
				FFB6053428CF11D500941F41 /* Extensions */,
				FFEFB9F528DD5766000295CB /* Modifier */,
				FF970C7E28AF631B0041A7B6 /* Icon */,
				FF5FBA3328F6641A003AF15B /* Constants */,
				FF77E36C28ACD1D200EF306C /* Assets.xcassets */,
				FF77E36E28ACD1D200EF306C /* Preview Content */,
				FF8389C728FE9E7700C322D5 /* WeatherData.xcdatamodeld */,
			);
			path = ForecastingWeather;
			sourceTree = "<group>";
		};
		FF77E36E28ACD1D200EF306C /* Preview Content */ = {
			isa = PBXGroup;
			children = (
				FF77E36F28ACD1D200EF306C /* Preview Assets.xcassets */,
			);
			path = "Preview Content";
			sourceTree = "<group>";
		};
		FF77E37628ACD33E00EF306C /* Views */ = {
			isa = PBXGroup;
			children = (
				FF77E38128ACDE7F00EF306C /* LaunchScreenSplashView.swift */,
				FF77E36A28ACD1D000EF306C /* ContentView.swift */,
				FF77E37928ACD39A00EF306C /* CurrentWeatherView.swift */,
				FF970C6F28AF49C60041A7B6 /* AddLocationView.swift */,
				FF5FBA3228F662D0003AF15B /* Subviews */,
			);
			path = Views;
			sourceTree = "<group>";
		};
		FF77E37728ACD34500EF306C /* Network */ = {
			isa = PBXGroup;
			children = (
				FF5FBA3628F666A7003AF15B /* API.swift */,
			);
			path = Network;
			sourceTree = "<group>";
		};
		FF77E37828ACD35500EF306C /* Model */ = {
			isa = PBXGroup;
			children = (
				FF77E37D28ACD50500EF306C /* WeatherViewModel.swift */,
				FF77E37F28ACD57400EF306C /* Weather.swift */,
				FF5FBA3828F66FD8003AF15B /* AddLocation.swift */,
				FF5FBA3A28F671F4003AF15B /* Settings.swift */,
			);
			path = Model;
			sourceTree = "<group>";
		};
		FF970C7728AF5C340041A7B6 /* Store */ = {
			isa = PBXGroup;
			children = (
				FF970C7828AF5C810041A7B6 /* Store.swift */,
				FF2F2C0E28FFDCA100DB2003 /* PersistenceController.swift */,
			);
			path = Store;
			sourceTree = "<group>";
		};
		FF970C7E28AF631B0041A7B6 /* Icon */ = {
			isa = PBXGroup;
			children = (
				FF970C7C28AF625E0041A7B6 /* URLImage.swift */,
				FF970C7F28AF63350041A7B6 /* ImageLoader.swift */,
			);
			path = Icon;
			sourceTree = "<group>";
		};
		FFB6053428CF11D500941F41 /* Extensions */ = {
			isa = PBXGroup;
			children = (
				FF970C8128AF645E0041A7B6 /* DateExtension.swift */,
				FFB6053528CF11F700941F41 /* UserDefaults.swift */,
				FFD0855628D06B0500903685 /* NavigationView.swift */,
			);
			path = Extensions;
			sourceTree = "<group>";
		};
		FFEFB9F528DD5766000295CB /* Modifier */ = {
			isa = PBXGroup;
			children = (
				FFEFB9F628DD5780000295CB /* TitleModifier.swift */,
			);
			path = Modifier;
			sourceTree = "<group>";
		};
/* End PBXGroup section */

/* Begin PBXNativeTarget section */
		FF77E36428ACD1D000EF306C /* ForecastingWeather */ = {
			isa = PBXNativeTarget;
			buildConfigurationList = FF77E37328ACD1D200EF306C /* Build configuration list for PBXNativeTarget "ForecastingWeather" */;
			buildPhases = (
				FF77E36128ACD1D000EF306C /* Sources */,
				FF77E36228ACD1D000EF306C /* Frameworks */,
				FF77E36328ACD1D000EF306C /* Resources */,
			);
			buildRules = (
			);
			dependencies = (
			);
			name = ForecastingWeather;
			productName = ForecastingWeather;
			productReference = FF77E36528ACD1D000EF306C /* ForecastingWeather.app */;
			productType = "com.apple.product-type.application";
		};
/* End PBXNativeTarget section */

/* Begin PBXProject section */
		FF77E35D28ACD1D000EF306C /* Project object */ = {
			isa = PBXProject;
			attributes = {
				BuildIndependentTargetsInParallel = 1;
				LastSwiftUpdateCheck = 1340;
				LastUpgradeCheck = 1340;
				TargetAttributes = {
					FF77E36428ACD1D000EF306C = {
						CreatedOnToolsVersion = 13.4.1;
					};
				};
			};
			buildConfigurationList = FF77E36028ACD1D000EF306C /* Build configuration list for PBXProject "ForecastingWeather" */;
			compatibilityVersion = "Xcode 13.0";
			developmentRegion = en;
			hasScannedForEncodings = 0;
			knownRegions = (
				en,
				Base,
			);
			mainGroup = FF77E35C28ACD1D000EF306C;
			productRefGroup = FF77E36628ACD1D000EF306C /* Products */;
			projectDirPath = "";
			projectRoot = "";
			targets = (
				FF77E36428ACD1D000EF306C /* ForecastingWeather */,
			);
		};
/* End PBXProject section */

/* Begin PBXResourcesBuildPhase section */
		FF77E36328ACD1D000EF306C /* Resources */ = {
			isa = PBXResourcesBuildPhase;
			buildActionMask = 2147483647;
			files = (
				FF77E37028ACD1D200EF306C /* Preview Assets.xcassets in Resources */,
				FF77E36D28ACD1D200EF306C /* Assets.xcassets in Resources */,
			);
			runOnlyForDeploymentPostprocessing = 0;
		};
/* End PBXResourcesBuildPhase section */

/* Begin PBXSourcesBuildPhase section */
		FF77E36128ACD1D000EF306C /* Sources */ = {
			isa = PBXSourcesBuildPhase;
			buildActionMask = 2147483647;
			files = (
				FF970C6428AF222B0041A7B6 /* CurrentLocationView.swift in Sources */,
				FF970C8228AF645E0041A7B6 /* DateExtension.swift in Sources */,
				FF5FBA3B28F671F4003AF15B /* Settings.swift in Sources */,
				FF970C6228AF110D0041A7B6 /* LocationList.swift in Sources */,
				FF970C7B28AF5D840041A7B6 /* WeatherDays.swift in Sources */,
				FFB6053628CF11F700941F41 /* UserDefaults.swift in Sources */,
				FF2F2C0F28FFDCA100DB2003 /* PersistenceController.swift in Sources */,
				FF77E37E28ACD50500EF306C /* WeatherViewModel.swift in Sources */,
				FF970C6628AF23240041A7B6 /* TopNavigationBar.swift in Sources */,
				FFEFB9F728DD5780000295CB /* TitleModifier.swift in Sources */,
				FF3361E328D9948200428D2B /* AboutView.swift in Sources */,
				FF8389C928FE9E7700C322D5 /* WeatherData.xcdatamodeld in Sources */,
				FF77E38228ACDE7F00EF306C /* LaunchScreenSplashView.swift in Sources */,
				FF5FBA3928F66FD8003AF15B /* AddLocation.swift in Sources */,
				FF77E36B28ACD1D000EF306C /* ContentView.swift in Sources */,
				FF77E36928ACD1D000EF306C /* ForecastingWeatherApp.swift in Sources */,
				FF970C7028AF49C60041A7B6 /* AddLocationView.swift in Sources */,
				FFB6053328CF099F00941F41 /* SettingsView.swift in Sources */,
				FF970C8028AF63350041A7B6 /* ImageLoader.swift in Sources */,
				FFD0855728D06B0500903685 /* NavigationView.swift in Sources */,
				FF970C7228AF4C800041A7B6 /* CurrentWeather.swift in Sources */,
				FF5FBA3F28F67237003AF15B /* WeatherPanel.swift in Sources */,
				FF970C7928AF5C810041A7B6 /* Store.swift in Sources */,
				FF77E38028ACD57400EF306C /* Weather.swift in Sources */,
				FF77E37A28ACD39A00EF306C /* CurrentWeatherView.swift in Sources */,
				FF739FAC28ED248E001C4775 /* BackView.swift in Sources */,
				FF970C7D28AF625E0041A7B6 /* URLImage.swift in Sources */,
				FF5FBA3728F666A7003AF15B /* API.swift in Sources */,
				FF5FBA3528F6643B003AF15B /* Constants.swift in Sources */,
			);
			runOnlyForDeploymentPostprocessing = 0;
		};
/* End PBXSourcesBuildPhase section */

/* Begin XCBuildConfiguration section */
		FF77E37128ACD1D200EF306C /* Debug */ = {
			isa = XCBuildConfiguration;
			buildSettings = {
				ALWAYS_SEARCH_USER_PATHS = NO;
				CLANG_ANALYZER_NONNULL = YES;
				CLANG_ANALYZER_NUMBER_OBJECT_CONVERSION = YES_AGGRESSIVE;
				CLANG_CXX_LANGUAGE_STANDARD = "gnu++17";
				CLANG_ENABLE_MODULES = YES;
				CLANG_ENABLE_OBJC_ARC = YES;
				CLANG_ENABLE_OBJC_WEAK = YES;
				CLANG_WARN_BLOCK_CAPTURE_AUTORELEASING = YES;
				CLANG_WARN_BOOL_CONVERSION = YES;
				CLANG_WARN_COMMA = YES;
				CLANG_WARN_CONSTANT_CONVERSION = YES;
				CLANG_WARN_DEPRECATED_OBJC_IMPLEMENTATIONS = YES;
				CLANG_WARN_DIRECT_OBJC_ISA_USAGE = YES_ERROR;
				CLANG_WARN_DOCUMENTATION_COMMENTS = YES;
				CLANG_WARN_EMPTY_BODY = YES;
				CLANG_WARN_ENUM_CONVERSION = YES;
				CLANG_WARN_INFINITE_RECURSION = YES;
				CLANG_WARN_INT_CONVERSION = YES;
				CLANG_WARN_NON_LITERAL_NULL_CONVERSION = YES;
				CLANG_WARN_OBJC_IMPLICIT_RETAIN_SELF = YES;
				CLANG_WARN_OBJC_LITERAL_CONVERSION = YES;
				CLANG_WARN_OBJC_ROOT_CLASS = YES_ERROR;
				CLANG_WARN_QUOTED_INCLUDE_IN_FRAMEWORK_HEADER = YES;
				CLANG_WARN_RANGE_LOOP_ANALYSIS = YES;
				CLANG_WARN_STRICT_PROTOTYPES = YES;
				CLANG_WARN_SUSPICIOUS_MOVE = YES;
				CLANG_WARN_UNGUARDED_AVAILABILITY = YES_AGGRESSIVE;
				CLANG_WARN_UNREACHABLE_CODE = YES;
				CLANG_WARN__DUPLICATE_METHOD_MATCH = YES;
				COPY_PHASE_STRIP = NO;
				DEBUG_INFORMATION_FORMAT = dwarf;
				ENABLE_STRICT_OBJC_MSGSEND = YES;
				ENABLE_TESTABILITY = YES;
				GCC_C_LANGUAGE_STANDARD = gnu11;
				GCC_DYNAMIC_NO_PIC = NO;
				GCC_NO_COMMON_BLOCKS = YES;
				GCC_OPTIMIZATION_LEVEL = 0;
				GCC_PREPROCESSOR_DEFINITIONS = (
					"DEBUG=1",
					"$(inherited)",
				);
				GCC_WARN_64_TO_32_BIT_CONVERSION = YES;
				GCC_WARN_ABOUT_RETURN_TYPE = YES_ERROR;
				GCC_WARN_UNDECLARED_SELECTOR = YES;
				GCC_WARN_UNINITIALIZED_AUTOS = YES_AGGRESSIVE;
				GCC_WARN_UNUSED_FUNCTION = YES;
				GCC_WARN_UNUSED_VARIABLE = YES;
				IPHONEOS_DEPLOYMENT_TARGET = 15.5;
				MTL_ENABLE_DEBUG_INFO = INCLUDE_SOURCE;
				MTL_FAST_MATH = YES;
				ONLY_ACTIVE_ARCH = YES;
				SDKROOT = iphoneos;
				SWIFT_ACTIVE_COMPILATION_CONDITIONS = DEBUG;
				SWIFT_OPTIMIZATION_LEVEL = "-Onone";
			};
			name = Debug;
		};
		FF77E37228ACD1D200EF306C /* Release */ = {
			isa = XCBuildConfiguration;
			buildSettings = {
				ALWAYS_SEARCH_USER_PATHS = NO;
				CLANG_ANALYZER_NONNULL = YES;
				CLANG_ANALYZER_NUMBER_OBJECT_CONVERSION = YES_AGGRESSIVE;
				CLANG_CXX_LANGUAGE_STANDARD = "gnu++17";
				CLANG_ENABLE_MODULES = YES;
				CLANG_ENABLE_OBJC_ARC = YES;
				CLANG_ENABLE_OBJC_WEAK = YES;
				CLANG_WARN_BLOCK_CAPTURE_AUTORELEASING = YES;
				CLANG_WARN_BOOL_CONVERSION = YES;
				CLANG_WARN_COMMA = YES;
				CLANG_WARN_CONSTANT_CONVERSION = YES;
				CLANG_WARN_DEPRECATED_OBJC_IMPLEMENTATIONS = YES;
				CLANG_WARN_DIRECT_OBJC_ISA_USAGE = YES_ERROR;
				CLANG_WARN_DOCUMENTATION_COMMENTS = YES;
				CLANG_WARN_EMPTY_BODY = YES;
				CLANG_WARN_ENUM_CONVERSION = YES;
				CLANG_WARN_INFINITE_RECURSION = YES;
				CLANG_WARN_INT_CONVERSION = YES;
				CLANG_WARN_NON_LITERAL_NULL_CONVERSION = YES;
				CLANG_WARN_OBJC_IMPLICIT_RETAIN_SELF = YES;
				CLANG_WARN_OBJC_LITERAL_CONVERSION = YES;
				CLANG_WARN_OBJC_ROOT_CLASS = YES_ERROR;
				CLANG_WARN_QUOTED_INCLUDE_IN_FRAMEWORK_HEADER = YES;
				CLANG_WARN_RANGE_LOOP_ANALYSIS = YES;
				CLANG_WARN_STRICT_PROTOTYPES = YES;
				CLANG_WARN_SUSPICIOUS_MOVE = YES;
				CLANG_WARN_UNGUARDED_AVAILABILITY = YES_AGGRESSIVE;
				CLANG_WARN_UNREACHABLE_CODE = YES;
				CLANG_WARN__DUPLICATE_METHOD_MATCH = YES;
				COPY_PHASE_STRIP = NO;
				DEBUG_INFORMATION_FORMAT = "dwarf-with-dsym";
				ENABLE_NS_ASSERTIONS = NO;
				ENABLE_STRICT_OBJC_MSGSEND = YES;
				GCC_C_LANGUAGE_STANDARD = gnu11;
				GCC_NO_COMMON_BLOCKS = YES;
				GCC_WARN_64_TO_32_BIT_CONVERSION = YES;
				GCC_WARN_ABOUT_RETURN_TYPE = YES_ERROR;
				GCC_WARN_UNDECLARED_SELECTOR = YES;
				GCC_WARN_UNINITIALIZED_AUTOS = YES_AGGRESSIVE;
				GCC_WARN_UNUSED_FUNCTION = YES;
				GCC_WARN_UNUSED_VARIABLE = YES;
				IPHONEOS_DEPLOYMENT_TARGET = 15.5;
				MTL_ENABLE_DEBUG_INFO = NO;
				MTL_FAST_MATH = YES;
				SDKROOT = iphoneos;
				SWIFT_COMPILATION_MODE = wholemodule;
				SWIFT_OPTIMIZATION_LEVEL = "-O";
				VALIDATE_PRODUCT = YES;
			};
			name = Release;
		};
		FF77E37428ACD1D200EF306C /* Debug */ = {
			isa = XCBuildConfiguration;
			buildSettings = {
				ASSETCATALOG_COMPILER_APPICON_NAME = AppIcon;
				ASSETCATALOG_COMPILER_GLOBAL_ACCENT_COLOR_NAME = AccentColor;
				CODE_SIGN_STYLE = Automatic;
				CURRENT_PROJECT_VERSION = 1;
				DEVELOPMENT_ASSET_PATHS = "\"ForecastingWeather/Preview Content\"";
				ENABLE_PREVIEWS = YES;
				GENERATE_INFOPLIST_FILE = YES;
				INFOPLIST_KEY_NSLocationWhenInUseUsageDescription = "We need your location data";
				INFOPLIST_KEY_UIApplicationSceneManifest_Generation = YES;
				INFOPLIST_KEY_UIApplicationSupportsIndirectInputEvents = YES;
				INFOPLIST_KEY_UILaunchScreen_Generation = YES;
				INFOPLIST_KEY_UISupportedInterfaceOrientations = UIInterfaceOrientationPortrait;
				INFOPLIST_KEY_UISupportedInterfaceOrientations_iPad = "UIInterfaceOrientationPortrait UIInterfaceOrientationPortraitUpsideDown UIInterfaceOrientationLandscapeLeft UIInterfaceOrientationLandscapeRight";
				INFOPLIST_KEY_UISupportedInterfaceOrientations_iPhone = "UIInterfaceOrientationPortrait UIInterfaceOrientationLandscapeLeft UIInterfaceOrientationLandscapeRight";
				LD_RUNPATH_SEARCH_PATHS = (
					"$(inherited)",
					"@executable_path/Frameworks",
				);
				MARKETING_VERSION = 1.0;
				PRODUCT_BUNDLE_IDENTIFIER = com.adrian.ForecastingWeather;
				PRODUCT_NAME = "$(TARGET_NAME)";
				SWIFT_EMIT_LOC_STRINGS = YES;
				SWIFT_VERSION = 5.0;
				TARGETED_DEVICE_FAMILY = 1;
			};
			name = Debug;
		};
		FF77E37528ACD1D200EF306C /* Release */ = {
			isa = XCBuildConfiguration;
			buildSettings = {
				ASSETCATALOG_COMPILER_APPICON_NAME = AppIcon;
				ASSETCATALOG_COMPILER_GLOBAL_ACCENT_COLOR_NAME = AccentColor;
				CODE_SIGN_STYLE = Automatic;
				CURRENT_PROJECT_VERSION = 1;
				DEVELOPMENT_ASSET_PATHS = "\"ForecastingWeather/Preview Content\"";
				ENABLE_PREVIEWS = YES;
				GENERATE_INFOPLIST_FILE = YES;
				INFOPLIST_KEY_NSLocationWhenInUseUsageDescription = "We need your location data";
				INFOPLIST_KEY_UIApplicationSceneManifest_Generation = YES;
				INFOPLIST_KEY_UIApplicationSupportsIndirectInputEvents = YES;
				INFOPLIST_KEY_UILaunchScreen_Generation = YES;
				INFOPLIST_KEY_UISupportedInterfaceOrientations = UIInterfaceOrientationPortrait;
				INFOPLIST_KEY_UISupportedInterfaceOrientations_iPad = "UIInterfaceOrientationPortrait UIInterfaceOrientationPortraitUpsideDown UIInterfaceOrientationLandscapeLeft UIInterfaceOrientationLandscapeRight";
				INFOPLIST_KEY_UISupportedInterfaceOrientations_iPhone = "UIInterfaceOrientationPortrait UIInterfaceOrientationLandscapeLeft UIInterfaceOrientationLandscapeRight";
				LD_RUNPATH_SEARCH_PATHS = (
					"$(inherited)",
					"@executable_path/Frameworks",
				);
				MARKETING_VERSION = 1.0;
				PRODUCT_BUNDLE_IDENTIFIER = com.adrian.ForecastingWeather;
				PRODUCT_NAME = "$(TARGET_NAME)";
				SWIFT_EMIT_LOC_STRINGS = YES;
				SWIFT_VERSION = 5.0;
				TARGETED_DEVICE_FAMILY = 1;
			};
			name = Release;
		};
/* End XCBuildConfiguration section */

/* Begin XCConfigurationList section */
		FF77E36028ACD1D000EF306C /* Build configuration list for PBXProject "ForecastingWeather" */ = {
			isa = XCConfigurationList;
			buildConfigurations = (
				FF77E37128ACD1D200EF306C /* Debug */,
				FF77E37228ACD1D200EF306C /* Release */,
			);
			defaultConfigurationIsVisible = 0;
			defaultConfigurationName = Release;
		};
		FF77E37328ACD1D200EF306C /* Build configuration list for PBXNativeTarget "ForecastingWeather" */ = {
			isa = XCConfigurationList;
			buildConfigurations = (
				FF77E37428ACD1D200EF306C /* Debug */,
				FF77E37528ACD1D200EF306C /* Release */,
			);
			defaultConfigurationIsVisible = 0;
			defaultConfigurationName = Release;
		};
/* End XCConfigurationList section */

/* Begin XCVersionGroup section */
		FF8389C728FE9E7700C322D5 /* WeatherData.xcdatamodeld */ = {
			isa = XCVersionGroup;
			children = (
				FF8389C828FE9E7700C322D5 /* WeatherData.xcdatamodel */,
			);
			currentVersion = FF8389C828FE9E7700C322D5 /* WeatherData.xcdatamodel */;
			path = WeatherData.xcdatamodeld;
			sourceTree = "<group>";
			versionGroupType = wrapper.xcdatamodel;
		};
/* End XCVersionGroup section */
	};
	rootObject = FF77E35D28ACD1D000EF306C /* Project object */;
}
